
Microsoft Visual Studio Solution File, Format Version 12.00
# Visual Studio Version 17
VisualStudioVersion = 17.4.33110.190
MinimumVisualStudioVersion = 10.0.40219.1
Project("{9A19103F-16F7-4668-BE54-9A1E7A4F7556}") = "login-custom", "login-custom\login-custom.csproj", "{37C92F81-E590-4114-911B-7189DE896C41}"
EndProject
Global
	GlobalSection(SolutionConfigurationPlatforms) = preSolution
		Debug|Any CPU = Debug|Any CPU
		Release|Any CPU = Release|Any CPU
	EndGlobalSection
	GlobalSection(ProjectConfigurationPlatforms) = postSolution
		{37C92F81-E590-4114-911B-7189DE896C41}.Debug|Any CPU.ActiveCfg = Debug|Any CPU
		{37C92F81-E590-4114-911B-7189DE896C41}.Debug|Any CPU.Build.0 = Debug|Any CPU
		{37C92F81-E590-4114-911B-7189DE896C41}.Release|Any CPU.ActiveCfg = Release|Any CPU
		{37C92F81-E590-4114-911B-7189DE896C41}.Release|Any CPU.Build.0 = Release|Any CPU
	EndGlobalSection
	GlobalSection(SolutionProperties) = preSolution
		HideSolutionNode = FALSE
	EndGlobalSection
	GlobalSection(ExtensibilityGlobals) = postSolution
		SolutionGuid = {1F2DB3E7-101F-4F39-8EEF-77B2C32DE30B}
	EndGlobalSection
EndGlobal
